
Microsoft Visual Studio Solution File, Format Version 12.00
# Visual Studio Version 17
VisualStudioVersion = 17.3.32901.215
MinimumVisualStudioVersion = 10.0.40219.1
Project("{FAE04EC0-301F-11D3-BF4B-00C04F79EFBC}") = "SerializationAndDeserializationApp", "SerializationAndDeserializationApp\SerializationAndDeserializationApp.csproj", "{EB2FA2A5-B047-4169-822B-77955603F271}"
EndProject
Global
	GlobalSection(SolutionConfigurationPlatforms) = preSolution
		Debug|Any CPU = Debug|Any CPU
		Release|Any CPU = Release|Any CPU
	EndGlobalSection
	GlobalSection(ProjectConfigurationPlatforms) = postSolution
		{EB2FA2A5-B047-4169-822B-77955603F271}.Debug|Any CPU.ActiveCfg = Debug|Any CPU
		{EB2FA2A5-B047-4169-822B-77955603F271}.Debug|Any CPU.Build.0 = Debug|Any CPU
		{EB2FA2A5-B047-4169-822B-77955603F271}.Release|Any CPU.ActiveCfg = Release|Any CPU
		{EB2FA2A5-B047-4169-822B-77955603F271}.Release|Any CPU.Build.0 = Release|Any CPU
	EndGlobalSection
	GlobalSection(SolutionProperties) = preSolution
		HideSolutionNode = FALSE
	EndGlobalSection
	GlobalSection(ExtensibilityGlobals) = postSolution
		SolutionGuid = {6437793B-D835-4D67-86A7-761F938E1F32}
	EndGlobalSection
EndGlobal
